<?xml version="1.0" encoding="utf-8"?>
<Project ToolsVersion="4.0" xmlns="http://schemas.microsoft.com/developer/msbuild/2003">
  <ItemGroup>
    <ClCompile Include="MainFile.cpp" />
    <ClCompile Include="MainWidget.cpp">
      <Filter>QTWidgets</Filter>
    </ClCompile>
    <ClCompile Include="OpenGLWindow.cpp" />
    <ClCompile Include="ShapeGenerator.cpp" />
  </ItemGroup>
  <ItemGroup>
    <Filter Include="QTWidgets">
      <UniqueIdentifier>{28afa09c-cef5-4dfb-a6cd-e61d56e8dfce}</UniqueIdentifier>
    </Filter>
    <Filter Include="Structs">
      <UniqueIdentifier>{4ef977ee-60eb-4255-9285-466622eb2cc9}</UniqueIdentifier>
    </Filter>
    <Filter Include="Shaders">
      <UniqueIdentifier>{50470677-1e9a-401d-9018-2f890c2e5e5d}</UniqueIdentifier>
    </Filter>
  </ItemGroup>
  <ItemGroup>
    <ClInclude Include="MainWidget.h">
      <Filter>QTWidgets</Filter>
    </ClInclude>
    <ClInclude Include="OpenGLWindow.h" />
    <ClInclude Include="ShapeGenerator.h" />
    <ClInclude Include="ShapeData.h">
      <Filter>Structs</Filter>
    </ClInclude>
    <ClInclude Include="Vertex.h">
      <Filter>Structs</Filter>
    </ClInclude>
    <ClInclude Include="VertexWithNormal.h">
      <Filter>Structs</Filter>
    </ClInclude>
    <ClInclude Include="VertexPosition.h">
      <Filter>Structs</Filter>
    </ClInclude>
  </ItemGroup>
  <ItemGroup>
    <None Include="VertexShaderCode.glsl">
      <Filter>Shaders</Filter>
    </None>
    <None Include="FragmentShaderCode.glsl">
      <Filter>Shaders</Filter>
    </None>
  </ItemGroup>
</Project>